
Microsoft Visual Studio Solution File, Format Version 12.00
# Visual Studio Version 16
VisualStudioVersion = 16.0.33130.400
MinimumVisualStudioVersion = 10.0.40219.1
Project("{9A19103F-16F7-4668-BE54-9A1E7A4F7556}") = "Palindromes.Logic.Providers", "Palindromes.Logic\Palindromes.Logic.Providers.csproj", "{1C6E1F53-E56A-4EEC-8A46-FEC2970FC6FE}"
EndProject
Project("{9A19103F-16F7-4668-BE54-9A1E7A4F7556}") = "Palindromes.Console", "CallPalindromes\Palindromes.Console.csproj", "{C4BBBE7F-4E75-4946-BCC4-4D1F70D3BF25}"
EndProject
Project("{9A19103F-16F7-4668-BE54-9A1E7A4F7556}") = "Palindromes.Logic.Tests", "Palindromes.Logic.Tests\Palindromes.Logic.Tests.csproj", "{02835827-8E78-445E-A631-F20A1DF15527}"
EndProject
Global
	GlobalSection(SolutionConfigurationPlatforms) = preSolution
		Debug|Any CPU = Debug|Any CPU
		Release|Any CPU = Release|Any CPU
	EndGlobalSection
	GlobalSection(ProjectConfigurationPlatforms) = postSolution
		{1C6E1F53-E56A-4EEC-8A46-FEC2970FC6FE}.Debug|Any CPU.ActiveCfg = Debug|Any CPU
		{1C6E1F53-E56A-4EEC-8A46-FEC2970FC6FE}.Debug|Any CPU.Build.0 = Debug|Any CPU
		{1C6E1F53-E56A-4EEC-8A46-FEC2970FC6FE}.Release|Any CPU.ActiveCfg = Release|Any CPU
		{1C6E1F53-E56A-4EEC-8A46-FEC2970FC6FE}.Release|Any CPU.Build.0 = Release|Any CPU
		{C4BBBE7F-4E75-4946-BCC4-4D1F70D3BF25}.Debug|Any CPU.ActiveCfg = Debug|Any CPU
		{C4BBBE7F-4E75-4946-BCC4-4D1F70D3BF25}.Debug|Any CPU.Build.0 = Debug|Any CPU
		{C4BBBE7F-4E75-4946-BCC4-4D1F70D3BF25}.Release|Any CPU.ActiveCfg = Release|Any CPU
		{C4BBBE7F-4E75-4946-BCC4-4D1F70D3BF25}.Release|Any CPU.Build.0 = Release|Any CPU
		{02835827-8E78-445E-A631-F20A1DF15527}.Debug|Any CPU.ActiveCfg = Debug|Any CPU
		{02835827-8E78-445E-A631-F20A1DF15527}.Debug|Any CPU.Build.0 = Debug|Any CPU
		{02835827-8E78-445E-A631-F20A1DF15527}.Release|Any CPU.ActiveCfg = Release|Any CPU
		{02835827-8E78-445E-A631-F20A1DF15527}.Release|Any CPU.Build.0 = Release|Any CPU
	EndGlobalSection
	GlobalSection(SolutionProperties) = preSolution
		HideSolutionNode = FALSE
	EndGlobalSection
	GlobalSection(ExtensibilityGlobals) = postSolution
		SolutionGuid = {2033B464-43FE-494F-AF96-9845763D2B5B}
	EndGlobalSection
EndGlobal
